// !$*UTF8*$!
{
	archiveVersion = 1;
	classes = {
	};
	objectVersion = 56;
	objects = {

/* Begin PBXBuildFile section */
		690BB64C2B68A337004764D3 /* ConvertElement.cpp in Sources */ = {isa = PBXBuildFile; fileRef = 690BB64A2B68A337004764D3 /* ConvertElement.cpp */; };
		692474882B5FA876003C91F3 /* PoseidonApp.swift in Sources */ = {isa = PBXBuildFile; fileRef = 692474872B5FA876003C91F3 /* PoseidonApp.swift */; };
		6924748A2B5FA876003C91F3 /* ContentView.swift in Sources */ = {isa = PBXBuildFile; fileRef = 692474892B5FA876003C91F3 /* ContentView.swift */; };
		6924748C2B5FA877003C91F3 /* Assets.xcassets in Resources */ = {isa = PBXBuildFile; fileRef = 6924748B2B5FA877003C91F3 /* Assets.xcassets */; };
		6924748F2B5FA877003C91F3 /* Preview Assets.xcassets in Resources */ = {isa = PBXBuildFile; fileRef = 6924748E2B5FA877003C91F3 /* Preview Assets.xcassets */; };
		692474972B5FAA2E003C91F3 /* PhotoEditor.swift in Sources */ = {isa = PBXBuildFile; fileRef = 692474962B5FAA2E003C91F3 /* PhotoEditor.swift */; };
		699DD7842B5FC5760067A43E /* Element.swift in Sources */ = {isa = PBXBuildFile; fileRef = 699DD7832B5FC5760067A43E /* Element.swift */; };
		699DD7862B5FC5E70067A43E /* ShapeElement.swift in Sources */ = {isa = PBXBuildFile; fileRef = 699DD7852B5FC5E70067A43E /* ShapeElement.swift */; };
		699DD7892B5FD5150067A43E /* CanvasControl.swift in Sources */ = {isa = PBXBuildFile; fileRef = 699DD7882B5FD5150067A43E /* CanvasControl.swift */; };
		699DD78D2B5FD6080067A43E /* CanvasConvertControl.cpp in Sources */ = {isa = PBXBuildFile; fileRef = 699DD78B2B5FD6080067A43E /* CanvasConvertControl.cpp */; };
		69CE60A82B67910200FC7B50 /* Shape.vs in Resources */ = {isa = PBXBuildFile; fileRef = 695876732B6785D800F2C6AC /* Shape.vs */; };
		69CE60A92B67910400FC7B50 /* Shape.fs in Resources */ = {isa = PBXBuildFile; fileRef = 695876742B6785EA00F2C6AC /* Shape.fs */; };
		69CE60AC2B6791B600FC7B50 /* CanvasController.swift in Sources */ = {isa = PBXBuildFile; fileRef = 69CE60AB2B6791B600FC7B50 /* CanvasController.swift */; };
		DC8A956AFB9C1C7BEF2B0183 /* Pods_Poseidon.framework in Frameworks */ = {isa = PBXBuildFile; fileRef = 0FC14CE0C741BD9DEEBA4612 /* Pods_Poseidon.framework */; };
/* End PBXBuildFile section */

/* Begin PBXFileReference section */
		09C32A87202990DA14C6BB6D /* Pods-Poseidon.debug.xcconfig */ = {isa = PBXFileReference; includeInIndex = 1; lastKnownFileType = text.xcconfig; name = "Pods-Poseidon.debug.xcconfig"; path = "Target Support Files/Pods-Poseidon/Pods-Poseidon.debug.xcconfig"; sourceTree = "<group>"; };
		0FC14CE0C741BD9DEEBA4612 /* Pods_Poseidon.framework */ = {isa = PBXFileReference; explicitFileType = wrapper.framework; includeInIndex = 0; path = Pods_Poseidon.framework; sourceTree = BUILT_PRODUCTS_DIR; };
		690BB64A2B68A337004764D3 /* ConvertElement.cpp */ = {isa = PBXFileReference; lastKnownFileType = sourcecode.cpp.cpp; path = ConvertElement.cpp; sourceTree = "<group>"; };
		690BB64B2B68A337004764D3 /* ConvertElement.hpp */ = {isa = PBXFileReference; lastKnownFileType = sourcecode.cpp.h; path = ConvertElement.hpp; sourceTree = "<group>"; };
		692474842B5FA876003C91F3 /* Poseidon.app */ = {isa = PBXFileReference; explicitFileType = wrapper.application; includeInIndex = 0; path = Poseidon.app; sourceTree = BUILT_PRODUCTS_DIR; };
		692474872B5FA876003C91F3 /* PoseidonApp.swift */ = {isa = PBXFileReference; lastKnownFileType = sourcecode.swift; path = PoseidonApp.swift; sourceTree = "<group>"; };
		692474892B5FA876003C91F3 /* ContentView.swift */ = {isa = PBXFileReference; lastKnownFileType = sourcecode.swift; path = ContentView.swift; sourceTree = "<group>"; };
		6924748B2B5FA877003C91F3 /* Assets.xcassets */ = {isa = PBXFileReference; lastKnownFileType = folder.assetcatalog; path = Assets.xcassets; sourceTree = "<group>"; };
		6924748E2B5FA877003C91F3 /* Preview Assets.xcassets */ = {isa = PBXFileReference; lastKnownFileType = folder.assetcatalog; path = "Preview Assets.xcassets"; sourceTree = "<group>"; };
		692474962B5FAA2E003C91F3 /* PhotoEditor.swift */ = {isa = PBXFileReference; lastKnownFileType = sourcecode.swift; path = PhotoEditor.swift; sourceTree = "<group>"; };
		695876732B6785D800F2C6AC /* Shape.vs */ = {isa = PBXFileReference; lastKnownFileType = sourcecode.glsl; path = Shape.vs; sourceTree = "<group>"; };
		695876742B6785EA00F2C6AC /* Shape.fs */ = {isa = PBXFileReference; lastKnownFileType = sourcecode.glsl; path = Shape.fs; sourceTree = "<group>"; };
		699DD7832B5FC5760067A43E /* Element.swift */ = {isa = PBXFileReference; lastKnownFileType = sourcecode.swift; path = Element.swift; sourceTree = "<group>"; };
		699DD7852B5FC5E70067A43E /* ShapeElement.swift */ = {isa = PBXFileReference; lastKnownFileType = sourcecode.swift; path = ShapeElement.swift; sourceTree = "<group>"; };
		699DD7882B5FD5150067A43E /* CanvasControl.swift */ = {isa = PBXFileReference; lastKnownFileType = sourcecode.swift; path = CanvasControl.swift; sourceTree = "<group>"; };
		699DD78A2B5FD6080067A43E /* Poseidon-Bridging-Header.h */ = {isa = PBXFileReference; lastKnownFileType = sourcecode.c.h; path = "Poseidon-Bridging-Header.h"; sourceTree = "<group>"; };
		699DD78B2B5FD6080067A43E /* CanvasConvertControl.cpp */ = {isa = PBXFileReference; lastKnownFileType = sourcecode.cpp.cpp; path = CanvasConvertControl.cpp; sourceTree = "<group>"; };
		699DD78C2B5FD6080067A43E /* CanvasConvertControl.hpp */ = {isa = PBXFileReference; lastKnownFileType = sourcecode.cpp.h; path = CanvasConvertControl.hpp; sourceTree = "<group>"; };
		69CE60AB2B6791B600FC7B50 /* CanvasController.swift */ = {isa = PBXFileReference; lastKnownFileType = sourcecode.swift; path = CanvasController.swift; sourceTree = "<group>"; };
		F54001BDA0905C2EB7C3CB1F /* Pods-Poseidon.release.xcconfig */ = {isa = PBXFileReference; includeInIndex = 1; lastKnownFileType = text.xcconfig; name = "Pods-Poseidon.release.xcconfig"; path = "Target Support Files/Pods-Poseidon/Pods-Poseidon.release.xcconfig"; sourceTree = "<group>"; };
/* End PBXFileReference section */

/* Begin PBXFrameworksBuildPhase section */
		692474812B5FA876003C91F3 /* Frameworks */ = {
			isa = PBXFrameworksBuildPhase;
			buildActionMask = 2147483647;
			files = (
				DC8A956AFB9C1C7BEF2B0183 /* Pods_Poseidon.framework in Frameworks */,
			);
			runOnlyForDeploymentPostprocessing = 0;
		};
/* End PBXFrameworksBuildPhase section */

/* Begin PBXGroup section */
		01B678651FBE07C7CE1F86F6 /* Pods */ = {
			isa = PBXGroup;
			children = (
				09C32A87202990DA14C6BB6D /* Pods-Poseidon.debug.xcconfig */,
				F54001BDA0905C2EB7C3CB1F /* Pods-Poseidon.release.xcconfig */,
			);
			path = Pods;
			sourceTree = "<group>";
		};
		690BB64D2B68A536004764D3 /* Control */ = {
			isa = PBXGroup;
			children = (
				699DD78B2B5FD6080067A43E /* CanvasConvertControl.cpp */,
				699DD78C2B5FD6080067A43E /* CanvasConvertControl.hpp */,
			);
			path = Control;
			sourceTree = "<group>";
		};
		690BB64E2B68A53C004764D3 /* Model */ = {
			isa = PBXGroup;
			children = (
				690BB64A2B68A337004764D3 /* ConvertElement.cpp */,
				690BB64B2B68A337004764D3 /* ConvertElement.hpp */,
			);
			path = Model;
			sourceTree = "<group>";
		};
		6924747B2B5FA876003C91F3 = {
			isa = PBXGroup;
			children = (
				692474862B5FA876003C91F3 /* Poseidon */,
				692474852B5FA876003C91F3 /* Products */,
				01B678651FBE07C7CE1F86F6 /* Pods */,
				9D6FC22C629C4586834BDCB2 /* Frameworks */,
			);
			sourceTree = "<group>";
		};
		692474852B5FA876003C91F3 /* Products */ = {
			isa = PBXGroup;
			children = (
				692474842B5FA876003C91F3 /* Poseidon.app */,
			);
			name = Products;
			sourceTree = "<group>";
		};
		692474862B5FA876003C91F3 /* Poseidon */ = {
			isa = PBXGroup;
			children = (
				692474952B5FAA1E003C91F3 /* Module */,
				692474872B5FA876003C91F3 /* PoseidonApp.swift */,
				692474892B5FA876003C91F3 /* ContentView.swift */,
				6924748B2B5FA877003C91F3 /* Assets.xcassets */,
				6924748D2B5FA877003C91F3 /* Preview Content */,
			);
			path = Poseidon;
			sourceTree = "<group>";
		};
		6924748D2B5FA877003C91F3 /* Preview Content */ = {
			isa = PBXGroup;
			children = (
				6924748E2B5FA877003C91F3 /* Preview Assets.xcassets */,
			);
			path = "Preview Content";
			sourceTree = "<group>";
		};
		692474952B5FAA1E003C91F3 /* Module */ = {
			isa = PBXGroup;
			children = (
				699DD77E2B5FC1980067A43E /* Canvas */,
				699DD77D2B5FC18D0067A43E /* PhotoEditor */,
			);
			path = Module;
			sourceTree = "<group>";
		};
		695876722B67859800F2C6AC /* ShaderSource */ = {
			isa = PBXGroup;
			children = (
				695876732B6785D800F2C6AC /* Shape.vs */,
				695876742B6785EA00F2C6AC /* Shape.fs */,
			);
			path = ShaderSource;
			sourceTree = "<group>";
		};
		699DD77D2B5FC18D0067A43E /* PhotoEditor */ = {
			isa = PBXGroup;
			children = (
				692474962B5FAA2E003C91F3 /* PhotoEditor.swift */,
			);
			path = PhotoEditor;
			sourceTree = "<group>";
		};
		699DD77E2B5FC1980067A43E /* Canvas */ = {
			isa = PBXGroup;
			children = (
				699DD7802B5FC1C50067A43E /* Page */,
				699DD77F2B5FC1C00067A43E /* Core */,
			);
			path = Canvas;
			sourceTree = "<group>";
		};
		699DD77F2B5FC1C00067A43E /* Core */ = {
			isa = PBXGroup;
			children = (
				69CE60AA2B6791A900FC7B50 /* View */,
				695876722B67859800F2C6AC /* ShaderSource */,
				699DD7872B5FD4FB0067A43E /* Control */,
				699DD7822B5FC5560067A43E /* Model */,
				699DD7812B5FC5510067A43E /* cpp */,
			);
			path = Core;
			sourceTree = "<group>";
		};
		699DD7802B5FC1C50067A43E /* Page */ = {
			isa = PBXGroup;
			children = (
			);
			path = Page;
			sourceTree = "<group>";
		};
		699DD7812B5FC5510067A43E /* cpp */ = {
			isa = PBXGroup;
			children = (
				690BB64E2B68A53C004764D3 /* Model */,
				690BB64D2B68A536004764D3 /* Control */,
				699DD78A2B5FD6080067A43E /* Poseidon-Bridging-Header.h */,
			);
			path = cpp;
			sourceTree = "<group>";
		};
		699DD7822B5FC5560067A43E /* Model */ = {
			isa = PBXGroup;
			children = (
				699DD7832B5FC5760067A43E /* Element.swift */,
				699DD7852B5FC5E70067A43E /* ShapeElement.swift */,
			);
			path = Model;
			sourceTree = "<group>";
		};
		699DD7872B5FD4FB0067A43E /* Control */ = {
			isa = PBXGroup;
			children = (
				699DD7882B5FD5150067A43E /* CanvasControl.swift */,
			);
			path = Control;
			sourceTree = "<group>";
		};
		69CE60AA2B6791A900FC7B50 /* View */ = {
			isa = PBXGroup;
			children = (
				69CE60AB2B6791B600FC7B50 /* CanvasController.swift */,
			);
			path = View;
			sourceTree = "<group>";
		};
		9D6FC22C629C4586834BDCB2 /* Frameworks */ = {
			isa = PBXGroup;
			children = (
				0FC14CE0C741BD9DEEBA4612 /* Pods_Poseidon.framework */,
			);
			name = Frameworks;
			sourceTree = "<group>";
		};
/* End PBXGroup section */

/* Begin PBXNativeTarget section */
		692474832B5FA876003C91F3 /* Poseidon */ = {
			isa = PBXNativeTarget;
			buildConfigurationList = 692474922B5FA877003C91F3 /* Build configuration list for PBXNativeTarget "Poseidon" */;
			buildPhases = (
				B921205E32F8D8E4AD07852B /* [CP] Check Pods Manifest.lock */,
				692474802B5FA876003C91F3 /* Sources */,
				692474812B5FA876003C91F3 /* Frameworks */,
				692474822B5FA876003C91F3 /* Resources */,
				C06D5BE4DAEE18AE6F08AF08 /* [CP] Embed Pods Frameworks */,
			);
			buildRules = (
			);
			dependencies = (
			);
			name = Poseidon;
			productName = Poseidon;
			productReference = 692474842B5FA876003C91F3 /* Poseidon.app */;
			productType = "com.apple.product-type.application";
		};
/* End PBXNativeTarget section */

/* Begin PBXProject section */
		6924747C2B5FA876003C91F3 /* Project object */ = {
			isa = PBXProject;
			attributes = {
				BuildIndependentTargetsInParallel = 1;
				LastSwiftUpdateCheck = 1520;
				LastUpgradeCheck = 1520;
				TargetAttributes = {
					692474832B5FA876003C91F3 = {
						CreatedOnToolsVersion = 15.2;
						LastSwiftMigration = 1520;
					};
				};
			};
			buildConfigurationList = 6924747F2B5FA876003C91F3 /* Build configuration list for PBXProject "Poseidon" */;
			compatibilityVersion = "Xcode 14.0";
			developmentRegion = en;
			hasScannedForEncodings = 0;
			knownRegions = (
				en,
				Base,
			);
			mainGroup = 6924747B2B5FA876003C91F3;
			productRefGroup = 692474852B5FA876003C91F3 /* Products */;
			projectDirPath = "";
			projectRoot = "";
			targets = (
				692474832B5FA876003C91F3 /* Poseidon */,
			);
		};
/* End PBXProject section */

/* Begin PBXResourcesBuildPhase section */
		692474822B5FA876003C91F3 /* Resources */ = {
			isa = PBXResourcesBuildPhase;
			buildActionMask = 2147483647;
			files = (
				69CE60A92B67910400FC7B50 /* Shape.fs in Resources */,
				69CE60A82B67910200FC7B50 /* Shape.vs in Resources */,
				6924748F2B5FA877003C91F3 /* Preview Assets.xcassets in Resources */,
				6924748C2B5FA877003C91F3 /* Assets.xcassets in Resources */,
			);
			runOnlyForDeploymentPostprocessing = 0;
		};
/* End PBXResourcesBuildPhase section */

/* Begin PBXShellScriptBuildPhase section */
		B921205E32F8D8E4AD07852B /* [CP] Check Pods Manifest.lock */ = {
			isa = PBXShellScriptBuildPhase;
			buildActionMask = 2147483647;
			files = (
			);
			inputFileListPaths = (
			);
			inputPaths = (
				"${PODS_PODFILE_DIR_PATH}/Podfile.lock",
				"${PODS_ROOT}/Manifest.lock",
			);
			name = "[CP] Check Pods Manifest.lock";
			outputFileListPaths = (
			);
			outputPaths = (
				"$(DERIVED_FILE_DIR)/Pods-Poseidon-checkManifestLockResult.txt",
			);
			runOnlyForDeploymentPostprocessing = 0;
			shellPath = /bin/sh;
			shellScript = "diff \"${PODS_PODFILE_DIR_PATH}/Podfile.lock\" \"${PODS_ROOT}/Manifest.lock\" > /dev/null\nif [ $? != 0 ] ; then\n    # print error to STDERR\n    echo \"error: The sandbox is not in sync with the Podfile.lock. Run 'pod install' or update your CocoaPods installation.\" >&2\n    exit 1\nfi\n# This output is used by Xcode 'outputs' to avoid re-running this script phase.\necho \"SUCCESS\" > \"${SCRIPT_OUTPUT_FILE_0}\"\n";
			showEnvVarsInLog = 0;
		};
		C06D5BE4DAEE18AE6F08AF08 /* [CP] Embed Pods Frameworks */ = {
			isa = PBXShellScriptBuildPhase;
			buildActionMask = 2147483647;
			files = (
			);
			inputFileListPaths = (
				"${PODS_ROOT}/Target Support Files/Pods-Poseidon/Pods-Poseidon-frameworks-${CONFIGURATION}-input-files.xcfilelist",
			);
			name = "[CP] Embed Pods Frameworks";
			outputFileListPaths = (
				"${PODS_ROOT}/Target Support Files/Pods-Poseidon/Pods-Poseidon-frameworks-${CONFIGURATION}-output-files.xcfilelist",
			);
			runOnlyForDeploymentPostprocessing = 0;
			shellPath = /bin/sh;
			shellScript = "\"${PODS_ROOT}/Target Support Files/Pods-Poseidon/Pods-Poseidon-frameworks.sh\"\n";
			showEnvVarsInLog = 0;
		};
/* End PBXShellScriptBuildPhase section */

/* Begin PBXSourcesBuildPhase section */
		692474802B5FA876003C91F3 /* Sources */ = {
			isa = PBXSourcesBuildPhase;
			buildActionMask = 2147483647;
			files = (
				692474972B5FAA2E003C91F3 /* PhotoEditor.swift in Sources */,
				69CE60AC2B6791B600FC7B50 /* CanvasController.swift in Sources */,
				6924748A2B5FA876003C91F3 /* ContentView.swift in Sources */,
				699DD7862B5FC5E70067A43E /* ShapeElement.swift in Sources */,
				699DD7842B5FC5760067A43E /* Element.swift in Sources */,
				699DD78D2B5FD6080067A43E /* CanvasConvertControl.cpp in Sources */,
				692474882B5FA876003C91F3 /* PoseidonApp.swift in Sources */,
				699DD7892B5FD5150067A43E /* CanvasControl.swift in Sources */,
				690BB64C2B68A337004764D3 /* ConvertElement.cpp in Sources */,
			);
			runOnlyForDeploymentPostprocessing = 0;
		};
/* End PBXSourcesBuildPhase section */

/* Begin XCBuildConfiguration section */
		692474902B5FA877003C91F3 /* Debug */ = {
			isa = XCBuildConfiguration;
			buildSettings = {
				ALWAYS_SEARCH_USER_PATHS = NO;
				ASSETCATALOG_COMPILER_GENERATE_SWIFT_ASSET_SYMBOL_EXTENSIONS = YES;
				CLANG_ANALYZER_NONNULL = YES;
				CLANG_ANALYZER_NUMBER_OBJECT_CONVERSION = YES_AGGRESSIVE;
				CLANG_CXX_LANGUAGE_STANDARD = "gnu++20";
				CLANG_ENABLE_MODULES = YES;
				CLANG_ENABLE_OBJC_ARC = YES;
				CLANG_ENABLE_OBJC_WEAK = YES;
				CLANG_WARN_BLOCK_CAPTURE_AUTORELEASING = YES;
				CLANG_WARN_BOOL_CONVERSION = YES;
				CLANG_WARN_COMMA = YES;
				CLANG_WARN_CONSTANT_CONVERSION = YES;
				CLANG_WARN_DEPRECATED_OBJC_IMPLEMENTATIONS = YES;
				CLANG_WARN_DIRECT_OBJC_ISA_USAGE = YES_ERROR;
				CLANG_WARN_DOCUMENTATION_COMMENTS = YES;
				CLANG_WARN_EMPTY_BODY = YES;
				CLANG_WARN_ENUM_CONVERSION = YES;
				CLANG_WARN_INFINITE_RECURSION = YES;
				CLANG_WARN_INT_CONVERSION = YES;
				CLANG_WARN_NON_LITERAL_NULL_CONVERSION = YES;
				CLANG_WARN_OBJC_IMPLICIT_RETAIN_SELF = YES;
				CLANG_WARN_OBJC_LITERAL_CONVERSION = YES;
				CLANG_WARN_OBJC_ROOT_CLASS = YES_ERROR;
				CLANG_WARN_QUOTED_INCLUDE_IN_FRAMEWORK_HEADER = YES;
				CLANG_WARN_RANGE_LOOP_ANALYSIS = YES;
				CLANG_WARN_STRICT_PROTOTYPES = YES;
				CLANG_WARN_SUSPICIOUS_MOVE = YES;
				CLANG_WARN_UNGUARDED_AVAILABILITY = YES_AGGRESSIVE;
				CLANG_WARN_UNREACHABLE_CODE = YES;
				CLANG_WARN__DUPLICATE_METHOD_MATCH = YES;
				COPY_PHASE_STRIP = NO;
				DEBUG_INFORMATION_FORMAT = dwarf;
				ENABLE_STRICT_OBJC_MSGSEND = YES;
				ENABLE_TESTABILITY = YES;
				ENABLE_USER_SCRIPT_SANDBOXING = YES;
				GCC_C_LANGUAGE_STANDARD = gnu17;
				GCC_DYNAMIC_NO_PIC = NO;
				GCC_NO_COMMON_BLOCKS = YES;
				GCC_OPTIMIZATION_LEVEL = 0;
				GCC_PREPROCESSOR_DEFINITIONS = (
					"DEBUG=1",
					"$(inherited)",
				);
				GCC_WARN_64_TO_32_BIT_CONVERSION = YES;
				GCC_WARN_ABOUT_RETURN_TYPE = YES_ERROR;
				GCC_WARN_UNDECLARED_SELECTOR = YES;
				GCC_WARN_UNINITIALIZED_AUTOS = YES_AGGRESSIVE;
				GCC_WARN_UNUSED_FUNCTION = YES;
				GCC_WARN_UNUSED_VARIABLE = YES;
				IPHONEOS_DEPLOYMENT_TARGET = 17.2;
				LOCALIZATION_PREFERS_STRING_CATALOGS = YES;
				MTL_ENABLE_DEBUG_INFO = INCLUDE_SOURCE;
				MTL_FAST_MATH = YES;
				ONLY_ACTIVE_ARCH = YES;
				SDKROOT = iphoneos;
				SWIFT_ACTIVE_COMPILATION_CONDITIONS = "DEBUG $(inherited)";
				SWIFT_OPTIMIZATION_LEVEL = "-Onone";
			};
			name = Debug;
		};
		692474912B5FA877003C91F3 /* Release */ = {
			isa = XCBuildConfiguration;
			buildSettings = {
				ALWAYS_SEARCH_USER_PATHS = NO;
				ASSETCATALOG_COMPILER_GENERATE_SWIFT_ASSET_SYMBOL_EXTENSIONS = YES;
				CLANG_ANALYZER_NONNULL = YES;
				CLANG_ANALYZER_NUMBER_OBJECT_CONVERSION = YES_AGGRESSIVE;
				CLANG_CXX_LANGUAGE_STANDARD = "gnu++20";
				CLANG_ENABLE_MODULES = YES;
				CLANG_ENABLE_OBJC_ARC = YES;
				CLANG_ENABLE_OBJC_WEAK = YES;
				CLANG_WARN_BLOCK_CAPTURE_AUTORELEASING = YES;
				CLANG_WARN_BOOL_CONVERSION = YES;
				CLANG_WARN_COMMA = YES;
				CLANG_WARN_CONSTANT_CONVERSION = YES;
				CLANG_WARN_DEPRECATED_OBJC_IMPLEMENTATIONS = YES;
				CLANG_WARN_DIRECT_OBJC_ISA_USAGE = YES_ERROR;
				CLANG_WARN_DOCUMENTATION_COMMENTS = YES;
				CLANG_WARN_EMPTY_BODY = YES;
				CLANG_WARN_ENUM_CONVERSION = YES;
				CLANG_WARN_INFINITE_RECURSION = YES;
				CLANG_WARN_INT_CONVERSION = YES;
				CLANG_WARN_NON_LITERAL_NULL_CONVERSION = YES;
				CLANG_WARN_OBJC_IMPLICIT_RETAIN_SELF = YES;
				CLANG_WARN_OBJC_LITERAL_CONVERSION = YES;
				CLANG_WARN_OBJC_ROOT_CLASS = YES_ERROR;
				CLANG_WARN_QUOTED_INCLUDE_IN_FRAMEWORK_HEADER = YES;
				CLANG_WARN_RANGE_LOOP_ANALYSIS = YES;
				CLANG_WARN_STRICT_PROTOTYPES = YES;
				CLANG_WARN_SUSPICIOUS_MOVE = YES;
				CLANG_WARN_UNGUARDED_AVAILABILITY = YES_AGGRESSIVE;
				CLANG_WARN_UNREACHABLE_CODE = YES;
				CLANG_WARN__DUPLICATE_METHOD_MATCH = YES;
				COPY_PHASE_STRIP = NO;
				DEBUG_INFORMATION_FORMAT = "dwarf-with-dsym";
				ENABLE_NS_ASSERTIONS = NO;
				ENABLE_STRICT_OBJC_MSGSEND = YES;
				ENABLE_USER_SCRIPT_SANDBOXING = YES;
				GCC_C_LANGUAGE_STANDARD = gnu17;
				GCC_NO_COMMON_BLOCKS = YES;
				GCC_WARN_64_TO_32_BIT_CONVERSION = YES;
				GCC_WARN_ABOUT_RETURN_TYPE = YES_ERROR;
				GCC_WARN_UNDECLARED_SELECTOR = YES;
				GCC_WARN_UNINITIALIZED_AUTOS = YES_AGGRESSIVE;
				GCC_WARN_UNUSED_FUNCTION = YES;
				GCC_WARN_UNUSED_VARIABLE = YES;
				IPHONEOS_DEPLOYMENT_TARGET = 17.2;
				LOCALIZATION_PREFERS_STRING_CATALOGS = YES;
				MTL_ENABLE_DEBUG_INFO = NO;
				MTL_FAST_MATH = YES;
				SDKROOT = iphoneos;
				SWIFT_COMPILATION_MODE = wholemodule;
				VALIDATE_PRODUCT = YES;
			};
			name = Release;
		};
		692474932B5FA877003C91F3 /* Debug */ = {
			isa = XCBuildConfiguration;
			baseConfigurationReference = 09C32A87202990DA14C6BB6D /* Pods-Poseidon.debug.xcconfig */;
			buildSettings = {
				ASSETCATALOG_COMPILER_APPICON_NAME = AppIcon;
				ASSETCATALOG_COMPILER_GLOBAL_ACCENT_COLOR_NAME = AccentColor;
				CLANG_ENABLE_MODULES = YES;
				CODE_SIGN_STYLE = Automatic;
				CURRENT_PROJECT_VERSION = 1;
				DEVELOPMENT_ASSET_PATHS = "\"Poseidon/Preview Content\"";
				DEVELOPMENT_TEAM = 7KTMC558L5;
				ENABLE_PREVIEWS = YES;
				ENABLE_USER_SCRIPT_SANDBOXING = NO;
				GCC_PREPROCESSOR_DEFINITIONS = (
					"$(inherited)",
					"COCOAPODS=1",
					"GLES_SILENCE_DEPRECATION=1",
				);
				GENERATE_INFOPLIST_FILE = YES;
				INFOPLIST_KEY_UIApplicationSceneManifest_Generation = YES;
				INFOPLIST_KEY_UIApplicationSupportsIndirectInputEvents = YES;
				INFOPLIST_KEY_UILaunchScreen_Generation = YES;
				INFOPLIST_KEY_UISupportedInterfaceOrientations_iPad = "UIInterfaceOrientationPortrait UIInterfaceOrientationPortraitUpsideDown UIInterfaceOrientationLandscapeLeft UIInterfaceOrientationLandscapeRight";
				INFOPLIST_KEY_UISupportedInterfaceOrientations_iPhone = "UIInterfaceOrientationPortrait UIInterfaceOrientationLandscapeLeft UIInterfaceOrientationLandscapeRight";
				LD_RUNPATH_SEARCH_PATHS = (
					"$(inherited)",
					"@executable_path/Frameworks",
				);
				MARKETING_VERSION = 1.0;
				PRODUCT_BUNDLE_IDENTIFIER = com.poseidon.Poseidon;
				PRODUCT_NAME = "$(TARGET_NAME)";
				SWIFT_EMIT_LOC_STRINGS = YES;
				SWIFT_OBJC_BRIDGING_HEADER = "Poseidon/Module/Canvas/Core/cpp/Poseidon-Bridging-Header.h";
				SWIFT_OBJC_INTEROP_MODE = objcxx;
				SWIFT_OPTIMIZATION_LEVEL = "-Onone";
				SWIFT_VERSION = 5.0;
				TARGETED_DEVICE_FAMILY = "1,2";
			};
			name = Debug;
		};
		692474942B5FA877003C91F3 /* Release */ = {
			isa = XCBuildConfiguration;
			baseConfigurationReference = F54001BDA0905C2EB7C3CB1F /* Pods-Poseidon.release.xcconfig */;
			buildSettings = {
				ASSETCATALOG_COMPILER_APPICON_NAME = AppIcon;
				ASSETCATALOG_COMPILER_GLOBAL_ACCENT_COLOR_NAME = AccentColor;
				CLANG_ENABLE_MODULES = YES;
				CODE_SIGN_STYLE = Automatic;
				CURRENT_PROJECT_VERSION = 1;
				DEVELOPMENT_ASSET_PATHS = "\"Poseidon/Preview Content\"";
				DEVELOPMENT_TEAM = 7KTMC558L5;
				ENABLE_PREVIEWS = YES;
				ENABLE_USER_SCRIPT_SANDBOXING = NO;
				GCC_PREPROCESSOR_DEFINITIONS = (
					"$(inherited)",
					"COCOAPODS=1",
					"GLES_SILENCE_DEPRECATION=1",
				);
				GENERATE_INFOPLIST_FILE = YES;
				INFOPLIST_KEY_UIApplicationSceneManifest_Generation = YES;
				INFOPLIST_KEY_UIApplicationSupportsIndirectInputEvents = YES;
				INFOPLIST_KEY_UILaunchScreen_Generation = YES;
				INFOPLIST_KEY_UISupportedInterfaceOrientations_iPad = "UIInterfaceOrientationPortrait UIInterfaceOrientationPortraitUpsideDown UIInterfaceOrientationLandscapeLeft UIInterfaceOrientationLandscapeRight";
				INFOPLIST_KEY_UISupportedInterfaceOrientations_iPhone = "UIInterfaceOrientationPortrait UIInterfaceOrientationLandscapeLeft UIInterfaceOrientationLandscapeRight";
				LD_RUNPATH_SEARCH_PATHS = (
					"$(inherited)",
					"@executable_path/Frameworks",
				);
				MARKETING_VERSION = 1.0;
				PRODUCT_BUNDLE_IDENTIFIER = com.poseidon.Poseidon;
				PRODUCT_NAME = "$(TARGET_NAME)";
				SWIFT_EMIT_LOC_STRINGS = YES;
				SWIFT_OBJC_BRIDGING_HEADER = "Poseidon/Module/Canvas/Core/cpp/Poseidon-Bridging-Header.h";
				SWIFT_OBJC_INTEROP_MODE = objcxx;
				SWIFT_VERSION = 5.0;
				TARGETED_DEVICE_FAMILY = "1,2";
			};
			name = Release;
		};
/* End XCBuildConfiguration section */

/* Begin XCConfigurationList section */
		6924747F2B5FA876003C91F3 /* Build configuration list for PBXProject "Poseidon" */ = {
			isa = XCConfigurationList;
			buildConfigurations = (
				692474902B5FA877003C91F3 /* Debug */,
				692474912B5FA877003C91F3 /* Release */,
			);
			defaultConfigurationIsVisible = 0;
			defaultConfigurationName = Release;
		};
		692474922B5FA877003C91F3 /* Build configuration list for PBXNativeTarget "Poseidon" */ = {
			isa = XCConfigurationList;
			buildConfigurations = (
				692474932B5FA877003C91F3 /* Debug */,
				692474942B5FA877003C91F3 /* Release */,
			);
			defaultConfigurationIsVisible = 0;
			defaultConfigurationName = Release;
		};
/* End XCConfigurationList section */
	};
	rootObject = 6924747C2B5FA876003C91F3 /* Project object */;
}
